
Microsoft Visual Studio Solution File, Format Version 12.00
# Visual Studio 15
VisualStudioVersion = 15.0.27004.2009
MinimumVisualStudioVersion = 10.0.40219.1
Project("{FAE04EC0-301F-11D3-BF4B-00C04F79EFBC}") = "SnippingTool", "SnippingTool\SnippingTool.csproj", "{D9058C1D-31D4-4DF5-9AE2-2EA9406E7820}"
EndProject
Project("{FAE04EC0-301F-11D3-BF4B-00C04F79EFBC}") = "CroppingImageLibrary", "..\UI-Cropping-Image\UI-Cropping-Image-Library\CroppingImageLibrary\CroppingImageLibrary.csproj", "{AADA3516-FF2A-4C8D-AC3F-43C38ACB7BE4}"
EndProject
Project("{FAE04EC0-301F-11D3-BF4B-00C04F79EFBC}") = "SnippingTool.UnitTest", "SnippingTool.UnitTest\SnippingTool.UnitTest.csproj", "{75D4D2D6-C164-41A6-AFDC-96DA57B8C02B}"
EndProject
Global
	GlobalSection(SolutionConfigurationPlatforms) = preSolution
		Debug|Any CPU = Debug|Any CPU
		Release|Any CPU = Release|Any CPU
	EndGlobalSection
	GlobalSection(ProjectConfigurationPlatforms) = postSolution
		{D9058C1D-31D4-4DF5-9AE2-2EA9406E7820}.Debug|Any CPU.ActiveCfg = Debug|Any CPU
		{D9058C1D-31D4-4DF5-9AE2-2EA9406E7820}.Debug|Any CPU.Build.0 = Debug|Any CPU
		{D9058C1D-31D4-4DF5-9AE2-2EA9406E7820}.Release|Any CPU.ActiveCfg = Release|Any CPU
		{D9058C1D-31D4-4DF5-9AE2-2EA9406E7820}.Release|Any CPU.Build.0 = Release|Any CPU
		{AADA3516-FF2A-4C8D-AC3F-43C38ACB7BE4}.Debug|Any CPU.ActiveCfg = Debug|Any CPU
		{AADA3516-FF2A-4C8D-AC3F-43C38ACB7BE4}.Debug|Any CPU.Build.0 = Debug|Any CPU
		{AADA3516-FF2A-4C8D-AC3F-43C38ACB7BE4}.Release|Any CPU.ActiveCfg = Release|Any CPU
		{AADA3516-FF2A-4C8D-AC3F-43C38ACB7BE4}.Release|Any CPU.Build.0 = Release|Any CPU
		{75D4D2D6-C164-41A6-AFDC-96DA57B8C02B}.Debug|Any CPU.ActiveCfg = Debug|Any CPU
		{75D4D2D6-C164-41A6-AFDC-96DA57B8C02B}.Debug|Any CPU.Build.0 = Debug|Any CPU
		{75D4D2D6-C164-41A6-AFDC-96DA57B8C02B}.Release|Any CPU.ActiveCfg = Release|Any CPU
		{75D4D2D6-C164-41A6-AFDC-96DA57B8C02B}.Release|Any CPU.Build.0 = Release|Any CPU
	EndGlobalSection
	GlobalSection(SolutionProperties) = preSolution
		HideSolutionNode = FALSE
	EndGlobalSection
	GlobalSection(ExtensibilityGlobals) = postSolution
		SolutionGuid = {5826A03C-8650-4F82-9E0D-0797303A0A78}
	EndGlobalSection
EndGlobal
